
Microsoft Visual Studio Solution File, Format Version 12.00
# Visual Studio Version 16
VisualStudioVersion = 16.0.30907.101
MinimumVisualStudioVersion = 10.0.40219.1
Project("{FAE04EC0-301F-11D3-BF4B-00C04F79EFBC}") = "Alarm501", "Alarm501.csproj", "{C9859211-A708-4F57-BCA8-2E49A5320BAC}"
EndProject
Project("{FAE04EC0-301F-11D3-BF4B-00C04F79EFBC}") = "Alarm501-Console", "..\Alarm501-Console\Alarm501-Console.csproj", "{636AAA08-FE8F-4B66-BAC0-C1A5EBA6EC2D}"
EndProject
Global
	GlobalSection(SolutionConfigurationPlatforms) = preSolution
		Debug|Any CPU = Debug|Any CPU
		Release|Any CPU = Release|Any CPU
	EndGlobalSection
	GlobalSection(ProjectConfigurationPlatforms) = postSolution
		{C9859211-A708-4F57-BCA8-2E49A5320BAC}.Debug|Any CPU.ActiveCfg = Debug|Any CPU
		{C9859211-A708-4F57-BCA8-2E49A5320BAC}.Debug|Any CPU.Build.0 = Debug|Any CPU
		{C9859211-A708-4F57-BCA8-2E49A5320BAC}.Release|Any CPU.ActiveCfg = Release|Any CPU
		{C9859211-A708-4F57-BCA8-2E49A5320BAC}.Release|Any CPU.Build.0 = Release|Any CPU
		{636AAA08-FE8F-4B66-BAC0-C1A5EBA6EC2D}.Debug|Any CPU.ActiveCfg = Debug|Any CPU
		{636AAA08-FE8F-4B66-BAC0-C1A5EBA6EC2D}.Debug|Any CPU.Build.0 = Debug|Any CPU
		{636AAA08-FE8F-4B66-BAC0-C1A5EBA6EC2D}.Release|Any CPU.ActiveCfg = Release|Any CPU
		{636AAA08-FE8F-4B66-BAC0-C1A5EBA6EC2D}.Release|Any CPU.Build.0 = Release|Any CPU
	EndGlobalSection
	GlobalSection(SolutionProperties) = preSolution
		HideSolutionNode = FALSE
	EndGlobalSection
	GlobalSection(ExtensibilityGlobals) = postSolution
		SolutionGuid = {54FE398D-81EA-4035-9D10-F72830218501}
	EndGlobalSection
EndGlobal
